{
  "name": "my-thank-you-action",
  "version": "1.0.0",
  "lockfileVersion": 3,
  "requires": true,
  "packages": {
    "": {
      "name": "my-thank-you-action",
      "version": "1.0.0",
      "license": "ISC",
      "dependencies": {
        "@vercel/ncc": "^0.38.3"
      }
    },
    "node_modules/@vercel/ncc": {
      "version": "0.38.3",
      "resolved": "https://registry.npmjs.org/@vercel/ncc/-/ncc-0.38.3.tgz",
      "integrity": "sha512-rnK6hJBS6mwc+Bkab+PGPs9OiS0i/3kdTO+CkI8V0/VrW3vmz7O2Pxjw/owOlmo6PKEIxRSeZKv/kuL9itnpYA==",
      "license": "MIT",
      "bin": {
        "ncc": "dist/ncc/cli.js"
      }
    }
  }
}
